// !$*UTF8*$!
{
	archiveVersion = 1;
	classes = {
	};
	objectVersion = 50;
	objects = {

/* Begin PBXBuildFile section */
		36FA1DF5DC117BB3609A5CCA /* Pods___2019Tests.framework in Frameworks */ = {isa = PBXBuildFile; fileRef = FFB6F218A8E530E2011F2340 /* Pods___2019Tests.framework */; };
		A1023F262273F84F006041A6 /* trash2.png in Resources */ = {isa = PBXBuildFile; fileRef = A1023F252273F84F006041A6 /* trash2.png */; };
		A13825E12269BAB8003ABCC5 /* 4-pink.png in Resources */ = {isa = PBXBuildFile; fileRef = A13825E02269BAB7003ABCC5 /* 4-pink.png */; };
		A13825E32269C5E3003ABCC5 /* StageViewController.swift in Sources */ = {isa = PBXBuildFile; fileRef = A13825E22269C5E3003ABCC5 /* StageViewController.swift */; };
		A13825E52269C643003ABCC5 /* TitleViewController.swift in Sources */ = {isa = PBXBuildFile; fileRef = A13825E42269C643003ABCC5 /* TitleViewController.swift */; };
		A13825E72269CE1D003ABCC5 /* runHuman.png in Resources */ = {isa = PBXBuildFile; fileRef = A13825E62269CE1A003ABCC5 /* runHuman.png */; };
		A13825ED2269CFD3003ABCC5 /* justPeople.png in Resources */ = {isa = PBXBuildFile; fileRef = A13825EC2269CFD3003ABCC5 /* justPeople.png */; };
		A18698222274435500A51D74 /* setteiViewController.swift in Sources */ = {isa = PBXBuildFile; fileRef = A18698212274435500A51D74 /* setteiViewController.swift */; };
		A186987122769BF700A51D74 /* pink.png in Resources */ = {isa = PBXBuildFile; fileRef = A186987022769BF700A51D74 /* pink.png */; };
		A186987F227B31D300A51D74 /* people.png in Resources */ = {isa = PBXBuildFile; fileRef = A186987E227B31D300A51D74 /* people.png */; };
		A1AB50882268108C00AA3B6A /* AppDelegate.swift in Sources */ = {isa = PBXBuildFile; fileRef = A1AB50872268108C00AA3B6A /* AppDelegate.swift */; };
		A1AB508A2268108C00AA3B6A /* ViewController.swift in Sources */ = {isa = PBXBuildFile; fileRef = A1AB50892268108C00AA3B6A /* ViewController.swift */; };
		A1AB508D2268108C00AA3B6A /* Main.storyboard in Resources */ = {isa = PBXBuildFile; fileRef = A1AB508B2268108C00AA3B6A /* Main.storyboard */; };
		A1AB508F2268108E00AA3B6A /* Assets.xcassets in Resources */ = {isa = PBXBuildFile; fileRef = A1AB508E2268108E00AA3B6A /* Assets.xcassets */; };
		A1AB50922268108E00AA3B6A /* LaunchScreen.storyboard in Resources */ = {isa = PBXBuildFile; fileRef = A1AB50902268108E00AA3B6A /* LaunchScreen.storyboard */; };
		A1AB509D2268108F00AA3B6A /* __2019Tests.swift in Sources */ = {isa = PBXBuildFile; fileRef = A1AB509C2268108F00AA3B6A /* __2019Tests.swift */; };
		A1AB50A82268108F00AA3B6A /* __2019UITests.swift in Sources */ = {isa = PBXBuildFile; fileRef = A1AB50A72268108F00AA3B6A /* __2019UITests.swift */; };
		A1AB50BC2269721900AA3B6A /* settei.png in Resources */ = {isa = PBXBuildFile; fileRef = A1AB50BB2269721800AA3B6A /* settei.png */; };
		A1AB50BE2269B54900AA3B6A /* humanSPE.png in Resources */ = {isa = PBXBuildFile; fileRef = A1AB50BD2269B54900AA3B6A /* humanSPE.png */; };
		A1AB50C02269B5B500AA3B6A /* kyoshu.png in Resources */ = {isa = PBXBuildFile; fileRef = A1AB50BF2269B5B500AA3B6A /* kyoshu.png */; };
		A1AB50C22269B6ED00AA3B6A /* play.png in Resources */ = {isa = PBXBuildFile; fileRef = A1AB50C12269B6ED00AA3B6A /* play.png */; };
		CF88EF4343DA1CCE5131E60A /* Pods___2019.framework in Frameworks */ = {isa = PBXBuildFile; fileRef = A7EBB3299AF755C546A535E1 /* Pods___2019.framework */; };
		F50E0D593B82A036335A3795 /* Pods___2019UITests.framework in Frameworks */ = {isa = PBXBuildFile; fileRef = 656359B1DFA83A8BC0BF1B0D /* Pods___2019UITests.framework */; settings = {ATTRIBUTES = (Required, ); }; };
/* End PBXBuildFile section */

/* Begin PBXContainerItemProxy section */
		A1AB50992268108F00AA3B6A /* PBXContainerItemProxy */ = {
			isa = PBXContainerItemProxy;
			containerPortal = A1AB507C2268108B00AA3B6A /* Project object */;
			proxyType = 1;
			remoteGlobalIDString = A1AB50832268108C00AA3B6A;
			remoteInfo = "隊形2019";
		};
		A1AB50A42268108F00AA3B6A /* PBXContainerItemProxy */ = {
			isa = PBXContainerItemProxy;
			containerPortal = A1AB507C2268108B00AA3B6A /* Project object */;
			proxyType = 1;
			remoteGlobalIDString = A1AB50832268108C00AA3B6A;
			remoteInfo = "隊形2019";
		};
/* End PBXContainerItemProxy section */

/* Begin PBXFileReference section */
		411AABD9A42E9CDC5129B25D /* Pods-隊形2019.debug.xcconfig */ = {isa = PBXFileReference; includeInIndex = 1; lastKnownFileType = text.xcconfig; name = "Pods-隊形2019.debug.xcconfig"; path = "Target Support Files/Pods-隊形2019/Pods-隊形2019.debug.xcconfig"; sourceTree = "<group>"; };
		445E02B9452F114891008492 /* Pods-隊形2019UITests.release.xcconfig */ = {isa = PBXFileReference; includeInIndex = 1; lastKnownFileType = text.xcconfig; name = "Pods-隊形2019UITests.release.xcconfig"; path = "Target Support Files/Pods-隊形2019UITests/Pods-隊形2019UITests.release.xcconfig"; sourceTree = "<group>"; };
		656359B1DFA83A8BC0BF1B0D /* Pods___2019UITests.framework */ = {isa = PBXFileReference; explicitFileType = wrapper.framework; includeInIndex = 0; path = "Pods___2019UITests.framework"; sourceTree = BUILT_PRODUCTS_DIR; };
		76B037A5AA1C34A7FB61B7DE /* Pods-隊形2019Tests.debug.xcconfig */ = {isa = PBXFileReference; includeInIndex = 1; lastKnownFileType = text.xcconfig; name = "Pods-隊形2019Tests.debug.xcconfig"; path = "Target Support Files/Pods-隊形2019Tests/Pods-隊形2019Tests.debug.xcconfig"; sourceTree = "<group>"; };
		77CE6C17926823DBBCF2F959 /* Pods-隊形2019UITests.debug.xcconfig */ = {isa = PBXFileReference; includeInIndex = 1; lastKnownFileType = text.xcconfig; name = "Pods-隊形2019UITests.debug.xcconfig"; path = "Target Support Files/Pods-隊形2019UITests/Pods-隊形2019UITests.debug.xcconfig"; sourceTree = "<group>"; };
		A1023F252273F84F006041A6 /* trash2.png */ = {isa = PBXFileReference; lastKnownFileType = image.png; path = trash2.png; sourceTree = "<group>"; };
		A13825E02269BAB7003ABCC5 /* 4-pink.png */ = {isa = PBXFileReference; lastKnownFileType = image.png; path = "4-pink.png"; sourceTree = "<group>"; };
		A13825E22269C5E3003ABCC5 /* StageViewController.swift */ = {isa = PBXFileReference; lastKnownFileType = sourcecode.swift; path = StageViewController.swift; sourceTree = "<group>"; };
		A13825E42269C643003ABCC5 /* TitleViewController.swift */ = {isa = PBXFileReference; lastKnownFileType = sourcecode.swift; path = TitleViewController.swift; sourceTree = "<group>"; };
		A13825E62269CE1A003ABCC5 /* runHuman.png */ = {isa = PBXFileReference; lastKnownFileType = image.png; path = runHuman.png; sourceTree = "<group>"; };
		A13825EC2269CFD3003ABCC5 /* justPeople.png */ = {isa = PBXFileReference; lastKnownFileType = image.png; path = justPeople.png; sourceTree = "<group>"; };
		A18698212274435500A51D74 /* setteiViewController.swift */ = {isa = PBXFileReference; lastKnownFileType = sourcecode.swift; path = setteiViewController.swift; sourceTree = "<group>"; };
		A186987022769BF700A51D74 /* pink.png */ = {isa = PBXFileReference; lastKnownFileType = image.png; path = pink.png; sourceTree = "<group>"; };
		A186987E227B31D300A51D74 /* people.png */ = {isa = PBXFileReference; lastKnownFileType = image.png; path = people.png; sourceTree = "<group>"; };
		A1AB50842268108C00AA3B6A /* 隊形2019.app */ = {isa = PBXFileReference; explicitFileType = wrapper.application; includeInIndex = 0; path = "隊形2019.app"; sourceTree = BUILT_PRODUCTS_DIR; };
		A1AB50872268108C00AA3B6A /* AppDelegate.swift */ = {isa = PBXFileReference; lastKnownFileType = sourcecode.swift; path = AppDelegate.swift; sourceTree = "<group>"; };
		A1AB50892268108C00AA3B6A /* ViewController.swift */ = {isa = PBXFileReference; lastKnownFileType = sourcecode.swift; path = ViewController.swift; sourceTree = "<group>"; };
		A1AB508C2268108C00AA3B6A /* Base */ = {isa = PBXFileReference; lastKnownFileType = file.storyboard; name = Base; path = Base.lproj/Main.storyboard; sourceTree = "<group>"; };
		A1AB508E2268108E00AA3B6A /* Assets.xcassets */ = {isa = PBXFileReference; lastKnownFileType = folder.assetcatalog; path = Assets.xcassets; sourceTree = "<group>"; };
		A1AB50912268108E00AA3B6A /* Base */ = {isa = PBXFileReference; lastKnownFileType = file.storyboard; name = Base; path = Base.lproj/LaunchScreen.storyboard; sourceTree = "<group>"; };
		A1AB50932268108E00AA3B6A /* Info.plist */ = {isa = PBXFileReference; lastKnownFileType = text.plist.xml; path = Info.plist; sourceTree = "<group>"; };
		A1AB50982268108F00AA3B6A /* 隊形2019Tests.xctest */ = {isa = PBXFileReference; explicitFileType = wrapper.cfbundle; includeInIndex = 0; path = "隊形2019Tests.xctest"; sourceTree = BUILT_PRODUCTS_DIR; };
		A1AB509C2268108F00AA3B6A /* __2019Tests.swift */ = {isa = PBXFileReference; lastKnownFileType = sourcecode.swift; path = __2019Tests.swift; sourceTree = "<group>"; };
		A1AB509E2268108F00AA3B6A /* Info.plist */ = {isa = PBXFileReference; lastKnownFileType = text.plist.xml; path = Info.plist; sourceTree = "<group>"; };
		A1AB50A32268108F00AA3B6A /* 隊形2019UITests.xctest */ = {isa = PBXFileReference; explicitFileType = wrapper.cfbundle; includeInIndex = 0; path = "隊形2019UITests.xctest"; sourceTree = BUILT_PRODUCTS_DIR; };
		A1AB50A72268108F00AA3B6A /* __2019UITests.swift */ = {isa = PBXFileReference; lastKnownFileType = sourcecode.swift; path = __2019UITests.swift; sourceTree = "<group>"; };
		A1AB50A92268108F00AA3B6A /* Info.plist */ = {isa = PBXFileReference; lastKnownFileType = text.plist.xml; path = Info.plist; sourceTree = "<group>"; };
		A1AB50BB2269721800AA3B6A /* settei.png */ = {isa = PBXFileReference; lastKnownFileType = image.png; path = settei.png; sourceTree = "<group>"; };
		A1AB50BD2269B54900AA3B6A /* humanSPE.png */ = {isa = PBXFileReference; lastKnownFileType = image.png; path = humanSPE.png; sourceTree = "<group>"; };
		A1AB50BF2269B5B500AA3B6A /* kyoshu.png */ = {isa = PBXFileReference; lastKnownFileType = image.png; path = kyoshu.png; sourceTree = "<group>"; };
		A1AB50C12269B6ED00AA3B6A /* play.png */ = {isa = PBXFileReference; lastKnownFileType = image.png; path = play.png; sourceTree = "<group>"; };
		A7EBB3299AF755C546A535E1 /* Pods___2019.framework */ = {isa = PBXFileReference; explicitFileType = wrapper.framework; includeInIndex = 0; path = "Pods___2019.framework"; sourceTree = BUILT_PRODUCTS_DIR; };
		D610851ADCCEBCF9992C1FAA /* Pods-隊形2019.release.xcconfig */ = {isa = PBXFileReference; includeInIndex = 1; lastKnownFileType = text.xcconfig; name = "Pods-隊形2019.release.xcconfig"; path = "Target Support Files/Pods-隊形2019/Pods-隊形2019.release.xcconfig"; sourceTree = "<group>"; };
		F761086B49A8CF53DE78AE50 /* Pods-隊形2019Tests.release.xcconfig */ = {isa = PBXFileReference; includeInIndex = 1; lastKnownFileType = text.xcconfig; name = "Pods-隊形2019Tests.release.xcconfig"; path = "Target Support Files/Pods-隊形2019Tests/Pods-隊形2019Tests.release.xcconfig"; sourceTree = "<group>"; };
		FFB6F218A8E530E2011F2340 /* Pods___2019Tests.framework */ = {isa = PBXFileReference; explicitFileType = wrapper.framework; includeInIndex = 0; path = "Pods___2019Tests.framework"; sourceTree = BUILT_PRODUCTS_DIR; };
/* End PBXFileReference section */

/* Begin PBXFrameworksBuildPhase section */
		A1AB50812268108C00AA3B6A /* Frameworks */ = {
			isa = PBXFrameworksBuildPhase;
			buildActionMask = 2147483647;
			files = (
				CF88EF4343DA1CCE5131E60A /* Pods___2019.framework in Frameworks */,
			);
			runOnlyForDeploymentPostprocessing = 0;
		};
		A1AB50952268108F00AA3B6A /* Frameworks */ = {
			isa = PBXFrameworksBuildPhase;
			buildActionMask = 2147483647;
			files = (
				36FA1DF5DC117BB3609A5CCA /* Pods___2019Tests.framework in Frameworks */,
			);
			runOnlyForDeploymentPostprocessing = 0;
		};
		A1AB50A02268108F00AA3B6A /* Frameworks */ = {
			isa = PBXFrameworksBuildPhase;
			buildActionMask = 2147483647;
			files = (
				F50E0D593B82A036335A3795 /* Pods___2019UITests.framework in Frameworks */,
			);
			runOnlyForDeploymentPostprocessing = 0;
		};
/* End PBXFrameworksBuildPhase section */

/* Begin PBXGroup section */
		280976060D6F8D7DECD012D9 /* Pods */ = {
			isa = PBXGroup;
			children = (
				411AABD9A42E9CDC5129B25D /* Pods-隊形2019.debug.xcconfig */,
				D610851ADCCEBCF9992C1FAA /* Pods-隊形2019.release.xcconfig */,
				76B037A5AA1C34A7FB61B7DE /* Pods-隊形2019Tests.debug.xcconfig */,
				F761086B49A8CF53DE78AE50 /* Pods-隊形2019Tests.release.xcconfig */,
				77CE6C17926823DBBCF2F959 /* Pods-隊形2019UITests.debug.xcconfig */,
				445E02B9452F114891008492 /* Pods-隊形2019UITests.release.xcconfig */,
			);
			path = Pods;
			sourceTree = "<group>";
		};
		60E13EB67B58DE3D61DB40D1 /* Frameworks */ = {
			isa = PBXGroup;
			children = (
				A7EBB3299AF755C546A535E1 /* Pods___2019.framework */,
				FFB6F218A8E530E2011F2340 /* Pods___2019Tests.framework */,
				656359B1DFA83A8BC0BF1B0D /* Pods___2019UITests.framework */,
			);
			name = Frameworks;
			sourceTree = "<group>";
		};
		A1AB507B2268108B00AA3B6A = {
			isa = PBXGroup;
			children = (
				A1AB50862268108C00AA3B6A /* 隊形2019 */,
				A1AB509B2268108F00AA3B6A /* 隊形2019Tests */,
				A1AB50A62268108F00AA3B6A /* 隊形2019UITests */,
				A1AB50852268108C00AA3B6A /* Products */,
				280976060D6F8D7DECD012D9 /* Pods */,
				60E13EB67B58DE3D61DB40D1 /* Frameworks */,
			);
			sourceTree = "<group>";
		};
		A1AB50852268108C00AA3B6A /* Products */ = {
			isa = PBXGroup;
			children = (
				A1AB50842268108C00AA3B6A /* 隊形2019.app */,
				A1AB50982268108F00AA3B6A /* 隊形2019Tests.xctest */,
				A1AB50A32268108F00AA3B6A /* 隊形2019UITests.xctest */,
			);
			name = Products;
			sourceTree = "<group>";
		};
		A1AB50862268108C00AA3B6A /* 隊形2019 */ = {
			isa = PBXGroup;
			children = (
				A1AB50872268108C00AA3B6A /* AppDelegate.swift */,
				A1AB50892268108C00AA3B6A /* ViewController.swift */,
				A13825E42269C643003ABCC5 /* TitleViewController.swift */,
				A13825E22269C5E3003ABCC5 /* StageViewController.swift */,
				A18698212274435500A51D74 /* setteiViewController.swift */,
				A1AB508B2268108C00AA3B6A /* Main.storyboard */,
				A1AB508E2268108E00AA3B6A /* Assets.xcassets */,
				A1AB50902268108E00AA3B6A /* LaunchScreen.storyboard */,
				A1AB50932268108E00AA3B6A /* Info.plist */,
				A1AB50BD2269B54900AA3B6A /* humanSPE.png */,
				A1AB50BF2269B5B500AA3B6A /* kyoshu.png */,
				A1AB50BB2269721800AA3B6A /* settei.png */,
				A186987E227B31D300A51D74 /* people.png */,
				A13825E02269BAB7003ABCC5 /* 4-pink.png */,
				A1AB50C12269B6ED00AA3B6A /* play.png */,
				A13825E62269CE1A003ABCC5 /* runHuman.png */,
				A13825EC2269CFD3003ABCC5 /* justPeople.png */,
				A1023F252273F84F006041A6 /* trash2.png */,
				A186987022769BF700A51D74 /* pink.png */,
			);
			path = "隊形2019";
			sourceTree = "<group>";
		};
		A1AB509B2268108F00AA3B6A /* 隊形2019Tests */ = {
			isa = PBXGroup;
			children = (
				A1AB509C2268108F00AA3B6A /* __2019Tests.swift */,
				A1AB509E2268108F00AA3B6A /* Info.plist */,
			);
			path = "隊形2019Tests";
			sourceTree = "<group>";
		};
		A1AB50A62268108F00AA3B6A /* 隊形2019UITests */ = {
			isa = PBXGroup;
			children = (
				A1AB50A72268108F00AA3B6A /* __2019UITests.swift */,
				A1AB50A92268108F00AA3B6A /* Info.plist */,
			);
			path = "隊形2019UITests";
			sourceTree = "<group>";
		};
/* End PBXGroup section */

/* Begin PBXNativeTarget section */
		A1AB50832268108C00AA3B6A /* 隊形2019 */ = {
			isa = PBXNativeTarget;
			buildConfigurationList = A1AB50AC2268108F00AA3B6A /* Build configuration list for PBXNativeTarget "隊形2019" */;
			buildPhases = (
				A65CA768E7DDAC5F67D7DB95 /* [CP] Check Pods Manifest.lock */,
				A1AB50802268108C00AA3B6A /* Sources */,
				A1AB50812268108C00AA3B6A /* Frameworks */,
				A1AB50822268108C00AA3B6A /* Resources */,
			);
			buildRules = (
			);
			dependencies = (
			);
			name = "隊形2019";
			productName = "隊形2019";
			productReference = A1AB50842268108C00AA3B6A /* 隊形2019.app */;
			productType = "com.apple.product-type.application";
		};
		A1AB50972268108F00AA3B6A /* 隊形2019Tests */ = {
			isa = PBXNativeTarget;
			buildConfigurationList = A1AB50AF2268108F00AA3B6A /* Build configuration list for PBXNativeTarget "隊形2019Tests" */;
			buildPhases = (
				BBB641342C0F3AFC9B39F9BF /* [CP] Check Pods Manifest.lock */,
				A1AB50942268108F00AA3B6A /* Sources */,
				A1AB50952268108F00AA3B6A /* Frameworks */,
				A1AB50962268108F00AA3B6A /* Resources */,
			);
			buildRules = (
			);
			dependencies = (
				A1AB509A2268108F00AA3B6A /* PBXTargetDependency */,
			);
			name = "隊形2019Tests";
			productName = "隊形2019Tests";
			productReference = A1AB50982268108F00AA3B6A /* 隊形2019Tests.xctest */;
			productType = "com.apple.product-type.bundle.unit-test";
		};
		A1AB50A22268108F00AA3B6A /* 隊形2019UITests */ = {
			isa = PBXNativeTarget;
			buildConfigurationList = A1AB50B22268108F00AA3B6A /* Build configuration list for PBXNativeTarget "隊形2019UITests" */;
			buildPhases = (
				7F5AF95F482E5ED68DEB1369 /* [CP] Check Pods Manifest.lock */,
				A1AB50A02268108F00AA3B6A /* Frameworks */,
				A1AB509F2268108F00AA3B6A /* Sources */,
				A1AB50A12268108F00AA3B6A /* Resources */,
			);
			buildRules = (
			);
			dependencies = (
				A1AB50A52268108F00AA3B6A /* PBXTargetDependency */,
			);
			name = "隊形2019UITests";
			productName = "隊形2019UITests";
			productReference = A1AB50A32268108F00AA3B6A /* 隊形2019UITests.xctest */;
			productType = "com.apple.product-type.bundle.ui-testing";
		};
/* End PBXNativeTarget section */

/* Begin PBXProject section */
		A1AB507C2268108B00AA3B6A /* Project object */ = {
			isa = PBXProject;
			attributes = {
				LastSwiftUpdateCheck = 1010;
				LastUpgradeCheck = 1010;
				ORGANIZATIONNAME = "野崎絵未里";
				TargetAttributes = {
					A1AB50832268108C00AA3B6A = {
						CreatedOnToolsVersion = 10.1;
					};
					A1AB50972268108F00AA3B6A = {
						CreatedOnToolsVersion = 10.1;
						TestTargetID = A1AB50832268108C00AA3B6A;
					};
					A1AB50A22268108F00AA3B6A = {
						CreatedOnToolsVersion = 10.1;
						TestTargetID = A1AB50832268108C00AA3B6A;
					};
				};
			};
			buildConfigurationList = A1AB507F2268108C00AA3B6A /* Build configuration list for PBXProject "隊形2019" */;
			compatibilityVersion = "Xcode 9.3";
			developmentRegion = en;
			hasScannedForEncodings = 0;
			knownRegions = (
				en,
				Base,
			);
			mainGroup = A1AB507B2268108B00AA3B6A;
			productRefGroup = A1AB50852268108C00AA3B6A /* Products */;
			projectDirPath = "";
			projectRoot = "";
			targets = (
				A1AB50832268108C00AA3B6A /* 隊形2019 */,
				A1AB50972268108F00AA3B6A /* 隊形2019Tests */,
				A1AB50A22268108F00AA3B6A /* 隊形2019UITests */,
			);
		};
/* End PBXProject section */

/* Begin PBXResourcesBuildPhase section */
		A1AB50822268108C00AA3B6A /* Resources */ = {
			isa = PBXResourcesBuildPhase;
			buildActionMask = 2147483647;
			files = (
				A186987F227B31D300A51D74 /* people.png in Resources */,
				A1AB50922268108E00AA3B6A /* LaunchScreen.storyboard in Resources */,
				A186987122769BF700A51D74 /* pink.png in Resources */,
				A13825E72269CE1D003ABCC5 /* runHuman.png in Resources */,
				A1AB50C22269B6ED00AA3B6A /* play.png in Resources */,
				A13825E12269BAB8003ABCC5 /* 4-pink.png in Resources */,
				A1AB50C02269B5B500AA3B6A /* kyoshu.png in Resources */,
				A1AB508F2268108E00AA3B6A /* Assets.xcassets in Resources */,
				A1AB50BE2269B54900AA3B6A /* humanSPE.png in Resources */,
				A13825ED2269CFD3003ABCC5 /* justPeople.png in Resources */,
				A1023F262273F84F006041A6 /* trash2.png in Resources */,
				A1AB50BC2269721900AA3B6A /* settei.png in Resources */,
				A1AB508D2268108C00AA3B6A /* Main.storyboard in Resources */,
			);
			runOnlyForDeploymentPostprocessing = 0;
		};
		A1AB50962268108F00AA3B6A /* Resources */ = {
			isa = PBXResourcesBuildPhase;
			buildActionMask = 2147483647;
			files = (
			);
			runOnlyForDeploymentPostprocessing = 0;
		};
		A1AB50A12268108F00AA3B6A /* Resources */ = {
			isa = PBXResourcesBuildPhase;
			buildActionMask = 2147483647;
			files = (
			);
			runOnlyForDeploymentPostprocessing = 0;
		};
/* End PBXResourcesBuildPhase section */

/* Begin PBXShellScriptBuildPhase section */
		7F5AF95F482E5ED68DEB1369 /* [CP] Check Pods Manifest.lock */ = {
			isa = PBXShellScriptBuildPhase;
			buildActionMask = 2147483647;
			files = (
			);
			inputFileListPaths = (
			);
			inputPaths = (
				"${PODS_PODFILE_DIR_PATH}/Podfile.lock",
				"${PODS_ROOT}/Manifest.lock",
			);
			name = "[CP] Check Pods Manifest.lock";
			outputFileListPaths = (
			);
			outputPaths = (
				"$(DERIVED_FILE_DIR)/Pods-隊形2019UITests-checkManifestLockResult.txt",
			);
			runOnlyForDeploymentPostprocessing = 0;
			shellPath = /bin/sh;
			shellScript = "diff \"${PODS_PODFILE_DIR_PATH}/Podfile.lock\" \"${PODS_ROOT}/Manifest.lock\" > /dev/null\nif [ $? != 0 ] ; then\n    # print error to STDERR\n    echo \"error: The sandbox is not in sync with the Podfile.lock. Run 'pod install' or update your CocoaPods installation.\" >&2\n    exit 1\nfi\n# This output is used by Xcode 'outputs' to avoid re-running this script phase.\necho \"SUCCESS\" > \"${SCRIPT_OUTPUT_FILE_0}\"\n";
			showEnvVarsInLog = 0;
		};
		A65CA768E7DDAC5F67D7DB95 /* [CP] Check Pods Manifest.lock */ = {
			isa = PBXShellScriptBuildPhase;
			buildActionMask = 2147483647;
			files = (
			);
			inputFileListPaths = (
			);
			inputPaths = (
				"${PODS_PODFILE_DIR_PATH}/Podfile.lock",
				"${PODS_ROOT}/Manifest.lock",
			);
			name = "[CP] Check Pods Manifest.lock";
			outputFileListPaths = (
			);
			outputPaths = (
				"$(DERIVED_FILE_DIR)/Pods-隊形2019-checkManifestLockResult.txt",
			);
			runOnlyForDeploymentPostprocessing = 0;
			shellPath = /bin/sh;
			shellScript = "diff \"${PODS_PODFILE_DIR_PATH}/Podfile.lock\" \"${PODS_ROOT}/Manifest.lock\" > /dev/null\nif [ $? != 0 ] ; then\n    # print error to STDERR\n    echo \"error: The sandbox is not in sync with the Podfile.lock. Run 'pod install' or update your CocoaPods installation.\" >&2\n    exit 1\nfi\n# This output is used by Xcode 'outputs' to avoid re-running this script phase.\necho \"SUCCESS\" > \"${SCRIPT_OUTPUT_FILE_0}\"\n";
			showEnvVarsInLog = 0;
		};
		BBB641342C0F3AFC9B39F9BF /* [CP] Check Pods Manifest.lock */ = {
			isa = PBXShellScriptBuildPhase;
			buildActionMask = 2147483647;
			files = (
			);
			inputFileListPaths = (
			);
			inputPaths = (
				"${PODS_PODFILE_DIR_PATH}/Podfile.lock",
				"${PODS_ROOT}/Manifest.lock",
			);
			name = "[CP] Check Pods Manifest.lock";
			outputFileListPaths = (
			);
			outputPaths = (
				"$(DERIVED_FILE_DIR)/Pods-隊形2019Tests-checkManifestLockResult.txt",
			);
			runOnlyForDeploymentPostprocessing = 0;
			shellPath = /bin/sh;
			shellScript = "diff \"${PODS_PODFILE_DIR_PATH}/Podfile.lock\" \"${PODS_ROOT}/Manifest.lock\" > /dev/null\nif [ $? != 0 ] ; then\n    # print error to STDERR\n    echo \"error: The sandbox is not in sync with the Podfile.lock. Run 'pod install' or update your CocoaPods installation.\" >&2\n    exit 1\nfi\n# This output is used by Xcode 'outputs' to avoid re-running this script phase.\necho \"SUCCESS\" > \"${SCRIPT_OUTPUT_FILE_0}\"\n";
			showEnvVarsInLog = 0;
		};
/* End PBXShellScriptBuildPhase section */

/* Begin PBXSourcesBuildPhase section */
		A1AB50802268108C00AA3B6A /* Sources */ = {
			isa = PBXSourcesBuildPhase;
			buildActionMask = 2147483647;
			files = (
				A18698222274435500A51D74 /* setteiViewController.swift in Sources */,
				A13825E32269C5E3003ABCC5 /* StageViewController.swift in Sources */,
				A13825E52269C643003ABCC5 /* TitleViewController.swift in Sources */,
				A1AB508A2268108C00AA3B6A /* ViewController.swift in Sources */,
				A1AB50882268108C00AA3B6A /* AppDelegate.swift in Sources */,
			);
			runOnlyForDeploymentPostprocessing = 0;
		};
		A1AB50942268108F00AA3B6A /* Sources */ = {
			isa = PBXSourcesBuildPhase;
			buildActionMask = 2147483647;
			files = (
				A1AB509D2268108F00AA3B6A /* __2019Tests.swift in Sources */,
			);
			runOnlyForDeploymentPostprocessing = 0;
		};
		A1AB509F2268108F00AA3B6A /* Sources */ = {
			isa = PBXSourcesBuildPhase;
			buildActionMask = 2147483647;
			files = (
				A1AB50A82268108F00AA3B6A /* __2019UITests.swift in Sources */,
			);
			runOnlyForDeploymentPostprocessing = 0;
		};
/* End PBXSourcesBuildPhase section */

/* Begin PBXTargetDependency section */
		A1AB509A2268108F00AA3B6A /* PBXTargetDependency */ = {
			isa = PBXTargetDependency;
			target = A1AB50832268108C00AA3B6A /* 隊形2019 */;
			targetProxy = A1AB50992268108F00AA3B6A /* PBXContainerItemProxy */;
		};
		A1AB50A52268108F00AA3B6A /* PBXTargetDependency */ = {
			isa = PBXTargetDependency;
			target = A1AB50832268108C00AA3B6A /* 隊形2019 */;
			targetProxy = A1AB50A42268108F00AA3B6A /* PBXContainerItemProxy */;
		};
/* End PBXTargetDependency section */

/* Begin PBXVariantGroup section */
		A1AB508B2268108C00AA3B6A /* Main.storyboard */ = {
			isa = PBXVariantGroup;
			children = (
				A1AB508C2268108C00AA3B6A /* Base */,
			);
			name = Main.storyboard;
			sourceTree = "<group>";
		};
		A1AB50902268108E00AA3B6A /* LaunchScreen.storyboard */ = {
			isa = PBXVariantGroup;
			children = (
				A1AB50912268108E00AA3B6A /* Base */,
			);
			name = LaunchScreen.storyboard;
			sourceTree = "<group>";
		};
/* End PBXVariantGroup section */

/* Begin XCBuildConfiguration section */
		A1AB50AA2268108F00AA3B6A /* Debug */ = {
			isa = XCBuildConfiguration;
			buildSettings = {
				ALWAYS_SEARCH_USER_PATHS = NO;
				CLANG_ANALYZER_NONNULL = YES;
				CLANG_ANALYZER_NUMBER_OBJECT_CONVERSION = YES_AGGRESSIVE;
				CLANG_CXX_LANGUAGE_STANDARD = "gnu++14";
				CLANG_CXX_LIBRARY = "libc++";
				CLANG_ENABLE_MODULES = YES;
				CLANG_ENABLE_OBJC_ARC = YES;
				CLANG_ENABLE_OBJC_WEAK = YES;
				CLANG_WARN_BLOCK_CAPTURE_AUTORELEASING = YES;
				CLANG_WARN_BOOL_CONVERSION = YES;
				CLANG_WARN_COMMA = YES;
				CLANG_WARN_CONSTANT_CONVERSION = YES;
				CLANG_WARN_DEPRECATED_OBJC_IMPLEMENTATIONS = YES;
				CLANG_WARN_DIRECT_OBJC_ISA_USAGE = YES_ERROR;
				CLANG_WARN_DOCUMENTATION_COMMENTS = YES;
				CLANG_WARN_EMPTY_BODY = YES;
				CLANG_WARN_ENUM_CONVERSION = YES;
				CLANG_WARN_INFINITE_RECURSION = YES;
				CLANG_WARN_INT_CONVERSION = YES;
				CLANG_WARN_NON_LITERAL_NULL_CONVERSION = YES;
				CLANG_WARN_OBJC_IMPLICIT_RETAIN_SELF = YES;
				CLANG_WARN_OBJC_LITERAL_CONVERSION = YES;
				CLANG_WARN_OBJC_ROOT_CLASS = YES_ERROR;
				CLANG_WARN_RANGE_LOOP_ANALYSIS = YES;
				CLANG_WARN_STRICT_PROTOTYPES = YES;
				CLANG_WARN_SUSPICIOUS_MOVE = YES;
				CLANG_WARN_UNGUARDED_AVAILABILITY = YES_AGGRESSIVE;
				CLANG_WARN_UNREACHABLE_CODE = YES;
				CLANG_WARN__DUPLICATE_METHOD_MATCH = YES;
				CODE_SIGN_IDENTITY = "iPhone Developer";
				COPY_PHASE_STRIP = NO;
				DEBUG_INFORMATION_FORMAT = dwarf;
				ENABLE_STRICT_OBJC_MSGSEND = YES;
				ENABLE_TESTABILITY = YES;
				GCC_C_LANGUAGE_STANDARD = gnu11;
				GCC_DYNAMIC_NO_PIC = NO;
				GCC_NO_COMMON_BLOCKS = YES;
				GCC_OPTIMIZATION_LEVEL = 0;
				GCC_PREPROCESSOR_DEFINITIONS = (
					"DEBUG=1",
					"$(inherited)",
				);
				GCC_WARN_64_TO_32_BIT_CONVERSION = YES;
				GCC_WARN_ABOUT_RETURN_TYPE = YES_ERROR;
				GCC_WARN_UNDECLARED_SELECTOR = YES;
				GCC_WARN_UNINITIALIZED_AUTOS = YES_AGGRESSIVE;
				GCC_WARN_UNUSED_FUNCTION = YES;
				GCC_WARN_UNUSED_VARIABLE = YES;
				IPHONEOS_DEPLOYMENT_TARGET = 12.1;
				MTL_ENABLE_DEBUG_INFO = INCLUDE_SOURCE;
				MTL_FAST_MATH = YES;
				NEW_SETTING = "";
				ONLY_ACTIVE_ARCH = YES;
				SDKROOT = iphoneos;
				SWIFT_ACTIVE_COMPILATION_CONDITIONS = DEBUG;
				SWIFT_OPTIMIZATION_LEVEL = "-Onone";
			};
			name = Debug;
		};
		A1AB50AB2268108F00AA3B6A /* Release */ = {
			isa = XCBuildConfiguration;
			buildSettings = {
				ALWAYS_SEARCH_USER_PATHS = NO;
				CLANG_ANALYZER_NONNULL = YES;
				CLANG_ANALYZER_NUMBER_OBJECT_CONVERSION = YES_AGGRESSIVE;
				CLANG_CXX_LANGUAGE_STANDARD = "gnu++14";
				CLANG_CXX_LIBRARY = "libc++";
				CLANG_ENABLE_MODULES = YES;
				CLANG_ENABLE_OBJC_ARC = YES;
				CLANG_ENABLE_OBJC_WEAK = YES;
				CLANG_WARN_BLOCK_CAPTURE_AUTORELEASING = YES;
				CLANG_WARN_BOOL_CONVERSION = YES;
				CLANG_WARN_COMMA = YES;
				CLANG_WARN_CONSTANT_CONVERSION = YES;
				CLANG_WARN_DEPRECATED_OBJC_IMPLEMENTATIONS = YES;
				CLANG_WARN_DIRECT_OBJC_ISA_USAGE = YES_ERROR;
				CLANG_WARN_DOCUMENTATION_COMMENTS = YES;
				CLANG_WARN_EMPTY_BODY = YES;
				CLANG_WARN_ENUM_CONVERSION = YES;
				CLANG_WARN_INFINITE_RECURSION = YES;
				CLANG_WARN_INT_CONVERSION = YES;
				CLANG_WARN_NON_LITERAL_NULL_CONVERSION = YES;
				CLANG_WARN_OBJC_IMPLICIT_RETAIN_SELF = YES;
				CLANG_WARN_OBJC_LITERAL_CONVERSION = YES;
				CLANG_WARN_OBJC_ROOT_CLASS = YES_ERROR;
				CLANG_WARN_RANGE_LOOP_ANALYSIS = YES;
				CLANG_WARN_STRICT_PROTOTYPES = YES;
				CLANG_WARN_SUSPICIOUS_MOVE = YES;
				CLANG_WARN_UNGUARDED_AVAILABILITY = YES_AGGRESSIVE;
				CLANG_WARN_UNREACHABLE_CODE = YES;
				CLANG_WARN__DUPLICATE_METHOD_MATCH = YES;
				CODE_SIGN_IDENTITY = "iPhone Developer";
				COPY_PHASE_STRIP = NO;
				DEBUG_INFORMATION_FORMAT = "dwarf-with-dsym";
				ENABLE_NS_ASSERTIONS = NO;
				ENABLE_STRICT_OBJC_MSGSEND = YES;
				GCC_C_LANGUAGE_STANDARD = gnu11;
				GCC_NO_COMMON_BLOCKS = YES;
				GCC_WARN_64_TO_32_BIT_CONVERSION = YES;
				GCC_WARN_ABOUT_RETURN_TYPE = YES_ERROR;
				GCC_WARN_UNDECLARED_SELECTOR = YES;
				GCC_WARN_UNINITIALIZED_AUTOS = YES_AGGRESSIVE;
				GCC_WARN_UNUSED_FUNCTION = YES;
				GCC_WARN_UNUSED_VARIABLE = YES;
				IPHONEOS_DEPLOYMENT_TARGET = 12.1;
				MTL_ENABLE_DEBUG_INFO = NO;
				MTL_FAST_MATH = YES;
				NEW_SETTING = "";
				SDKROOT = iphoneos;
				SWIFT_COMPILATION_MODE = wholemodule;
				SWIFT_OPTIMIZATION_LEVEL = "-O";
				VALIDATE_PRODUCT = YES;
			};
			name = Release;
		};
		A1AB50AD2268108F00AA3B6A /* Debug */ = {
			isa = XCBuildConfiguration;
			baseConfigurationReference = 411AABD9A42E9CDC5129B25D /* Pods-隊形2019.debug.xcconfig */;
			buildSettings = {
				ASSETCATALOG_COMPILER_APPICON_NAME = AppIcon;
				CODE_SIGN_STYLE = Automatic;
				DEVELOPMENT_TEAM = 743J7J89D4;
				INFOPLIST_FILE = "隊形2019/Info.plist";
				LD_RUNPATH_SEARCH_PATHS = (
					"$(inherited)",
					"@executable_path/Frameworks",
				);
				PRODUCT_BUNDLE_IDENTIFIER = "Emily.--2019";
				PRODUCT_NAME = "$(TARGET_NAME)";
				SWIFT_VERSION = 4.2;
				TARGETED_DEVICE_FAMILY = 1;
			};
			name = Debug;
		};
		A1AB50AE2268108F00AA3B6A /* Release */ = {
			isa = XCBuildConfiguration;
			baseConfigurationReference = D610851ADCCEBCF9992C1FAA /* Pods-隊形2019.release.xcconfig */;
			buildSettings = {
				ASSETCATALOG_COMPILER_APPICON_NAME = AppIcon;
				CODE_SIGN_STYLE = Automatic;
				DEVELOPMENT_TEAM = 743J7J89D4;
				INFOPLIST_FILE = "隊形2019/Info.plist";
				LD_RUNPATH_SEARCH_PATHS = (
					"$(inherited)",
					"@executable_path/Frameworks",
				);
				PRODUCT_BUNDLE_IDENTIFIER = "Emily.--2019";
				PRODUCT_NAME = "$(TARGET_NAME)";
				SWIFT_VERSION = 4.2;
				TARGETED_DEVICE_FAMILY = 1;
			};
			name = Release;
		};
		A1AB50B02268108F00AA3B6A /* Debug */ = {
			isa = XCBuildConfiguration;
			baseConfigurationReference = 76B037A5AA1C34A7FB61B7DE /* Pods-隊形2019Tests.debug.xcconfig */;
			buildSettings = {
				ALWAYS_EMBED_SWIFT_STANDARD_LIBRARIES = YES;
				BUNDLE_LOADER = "$(TEST_HOST)";
				CODE_SIGN_STYLE = Automatic;
				DEVELOPMENT_TEAM = 743J7J89D4;
				INFOPLIST_FILE = "隊形2019Tests/Info.plist";
				LD_RUNPATH_SEARCH_PATHS = (
					"$(inherited)",
					"@executable_path/Frameworks",
					"@loader_path/Frameworks",
				);
				PRODUCT_BUNDLE_IDENTIFIER = "Emily.--2019Tests";
				PRODUCT_NAME = "$(TARGET_NAME)";
				SWIFT_VERSION = 4.2;
				TARGETED_DEVICE_FAMILY = "1,2";
				TEST_HOST = "$(BUILT_PRODUCTS_DIR)/隊形2019.app/隊形2019";
			};
			name = Debug;
		};
		A1AB50B12268108F00AA3B6A /* Release */ = {
			isa = XCBuildConfiguration;
			baseConfigurationReference = F761086B49A8CF53DE78AE50 /* Pods-隊形2019Tests.release.xcconfig */;
			buildSettings = {
				ALWAYS_EMBED_SWIFT_STANDARD_LIBRARIES = YES;
				BUNDLE_LOADER = "$(TEST_HOST)";
				CODE_SIGN_STYLE = Automatic;
				DEVELOPMENT_TEAM = 743J7J89D4;
				INFOPLIST_FILE = "隊形2019Tests/Info.plist";
				LD_RUNPATH_SEARCH_PATHS = (
					"$(inherited)",
					"@executable_path/Frameworks",
					"@loader_path/Frameworks",
				);
				PRODUCT_BUNDLE_IDENTIFIER = "Emily.--2019Tests";
				PRODUCT_NAME = "$(TARGET_NAME)";
				SWIFT_VERSION = 4.2;
				TARGETED_DEVICE_FAMILY = "1,2";
				TEST_HOST = "$(BUILT_PRODUCTS_DIR)/隊形2019.app/隊形2019";
			};
			name = Release;
		};
		A1AB50B32268108F00AA3B6A /* Debug */ = {
			isa = XCBuildConfiguration;
			baseConfigurationReference = 77CE6C17926823DBBCF2F959 /* Pods-隊形2019UITests.debug.xcconfig */;
			buildSettings = {
				ALWAYS_EMBED_SWIFT_STANDARD_LIBRARIES = YES;
				CODE_SIGN_STYLE = Automatic;
				DEVELOPMENT_TEAM = 743J7J89D4;
				INFOPLIST_FILE = "隊形2019UITests/Info.plist";
				LD_RUNPATH_SEARCH_PATHS = (
					"$(inherited)",
					"@executable_path/Frameworks",
					"@loader_path/Frameworks",
				);
				PRODUCT_BUNDLE_IDENTIFIER = "Emily.--2019UITests";
				PRODUCT_NAME = "$(TARGET_NAME)";
				SWIFT_VERSION = 4.2;
				TARGETED_DEVICE_FAMILY = "1,2";
				TEST_TARGET_NAME = "隊形2019";
			};
			name = Debug;
		};
		A1AB50B42268108F00AA3B6A /* Release */ = {
			isa = XCBuildConfiguration;
			baseConfigurationReference = 445E02B9452F114891008492 /* Pods-隊形2019UITests.release.xcconfig */;
			buildSettings = {
				ALWAYS_EMBED_SWIFT_STANDARD_LIBRARIES = YES;
				CODE_SIGN_STYLE = Automatic;
				DEVELOPMENT_TEAM = 743J7J89D4;
				INFOPLIST_FILE = "隊形2019UITests/Info.plist";
				LD_RUNPATH_SEARCH_PATHS = (
					"$(inherited)",
					"@executable_path/Frameworks",
					"@loader_path/Frameworks",
				);
				PRODUCT_BUNDLE_IDENTIFIER = "Emily.--2019UITests";
				PRODUCT_NAME = "$(TARGET_NAME)";
				SWIFT_VERSION = 4.2;
				TARGETED_DEVICE_FAMILY = "1,2";
				TEST_TARGET_NAME = "隊形2019";
			};
			name = Release;
		};
/* End XCBuildConfiguration section */

/* Begin XCConfigurationList section */
		A1AB507F2268108C00AA3B6A /* Build configuration list for PBXProject "隊形2019" */ = {
			isa = XCConfigurationList;
			buildConfigurations = (
				A1AB50AA2268108F00AA3B6A /* Debug */,
				A1AB50AB2268108F00AA3B6A /* Release */,
			);
			defaultConfigurationIsVisible = 0;
			defaultConfigurationName = Release;
		};
		A1AB50AC2268108F00AA3B6A /* Build configuration list for PBXNativeTarget "隊形2019" */ = {
			isa = XCConfigurationList;
			buildConfigurations = (
				A1AB50AD2268108F00AA3B6A /* Debug */,
				A1AB50AE2268108F00AA3B6A /* Release */,
			);
			defaultConfigurationIsVisible = 0;
			defaultConfigurationName = Release;
		};
		A1AB50AF2268108F00AA3B6A /* Build configuration list for PBXNativeTarget "隊形2019Tests" */ = {
			isa = XCConfigurationList;
			buildConfigurations = (
				A1AB50B02268108F00AA3B6A /* Debug */,
				A1AB50B12268108F00AA3B6A /* Release */,
			);
			defaultConfigurationIsVisible = 0;
			defaultConfigurationName = Release;
		};
		A1AB50B22268108F00AA3B6A /* Build configuration list for PBXNativeTarget "隊形2019UITests" */ = {
			isa = XCConfigurationList;
			buildConfigurations = (
				A1AB50B32268108F00AA3B6A /* Debug */,
				A1AB50B42268108F00AA3B6A /* Release */,
			);
			defaultConfigurationIsVisible = 0;
			defaultConfigurationName = Release;
		};
/* End XCConfigurationList section */
	};
	rootObject = A1AB507C2268108B00AA3B6A /* Project object */;
}
